
Microsoft Visual Studio Solution File, Format Version 12.00
# Visual Studio 2012
Project("{2150E333-8FDC-42A3-9474-1A3956D46DE8}") = "Drivers", "Drivers", "{8D41D185-7FEC-4425-9B16-783EDC90778F}"
EndProject
Project("{2150E333-8FDC-42A3-9474-1A3956D46DE8}") = "Window", "Window", "{BCEF9623-2586-4168-829F-5F36E7F8B3AB}"
EndProject
Project("{8BC9CEB8-8B4A-11D0-8D11-00A0C91BC942}") = "MSWindowDriver", "Drivers\Window\MSWindowDriver\MSWindowDriver.vcxproj", "{4B10E54E-C8F7-4EF8-966A-34D0F8E7FE8A}"
EndProject
Project("{2150E333-8FDC-42A3-9474-1A3956D46DE8}") = "Graphic", "Graphic", "{7F7AAEF4-D6BE-4B2E-B235-361905598FC7}"
EndProject
Project("{8BC9CEB8-8B4A-11D0-8D11-00A0C91BC942}") = "OGLGraphicDriver", "Drivers\Graphic\OGLGraphicDriver\OGLGraphicDriver.vcxproj", "{2F024E01-905B-45E3-A15C-B41710A9B11A}"
EndProject
Project("{2150E333-8FDC-42A3-9474-1A3956D46DE8}") = "Audio", "Audio", "{EB377A7C-7649-4238-B5EB-8563118790D6}"
EndProject
Project("{8BC9CEB8-8B4A-11D0-8D11-00A0C91BC942}") = "OALAudioDriver", "Drivers\Audio\OALAudioDriver\OALAudioDriver.vcxproj", "{F2A54212-82DE-48DF-B9A3-4BD4587AB4C0}"
EndProject
Project("{8BC9CEB8-8B4A-11D0-8D11-00A0C91BC942}") = "PAAudioDriver", "Drivers\Audio\PAAudioDriver\PAAudioDriver.vcxproj", "{83BA4012-E6CE-49E3-859C-18E290D31B4E}"
EndProject
Project("{2150E333-8FDC-42A3-9474-1A3956D46DE8}") = "Interfaces", "Interfaces", "{254CA135-D2F4-4166-BEFB-97ACD78B5439}"
EndProject
Project("{8BC9CEB8-8B4A-11D0-8D11-00A0C91BC942}") = "GraphicDrvInterface", "Interfaces\GraphicDrvInterface\GraphicDrvInterface.vcxproj", "{1894C896-BB26-4993-B035-7885AF9F507E}"
EndProject
Project("{8BC9CEB8-8B4A-11D0-8D11-00A0C91BC942}") = "AudioDrvInterface", "Interfaces\AudioDrvInterface\AudioDrvInterface.vcxproj", "{909C3D3E-22DA-48E4-8CFE-D896379D5A12}"
EndProject
Project("{2150E333-8FDC-42A3-9474-1A3956D46DE8}") = "Tests", "Tests", "{3F40C517-844B-41B2-AD42-D53E269CA15D}"
EndProject
Project("{2150E333-8FDC-42A3-9474-1A3956D46DE8}") = "Tools", "Tools", "{2A476865-3B12-4EE9-A3D3-CDE3E557C3F2}"
EndProject
Project("{8BC9CEB8-8B4A-11D0-8D11-00A0C91BC942}") = "UnitTest", "Tests\UnitTest\UnitTest.vcxproj", "{0AF72086-0AB0-4BC0-8DAC-79C47812CB1B}"
EndProject
Project("{8BC9CEB8-8B4A-11D0-8D11-00A0C91BC942}") = "WindowDrvInterface", "Interfaces\WindowDrvInterface\WindowDrvInterface.vcxproj", "{EC070743-297F-4414-9E71-F107EBDB5057}"
EndProject
Project("{8BC9CEB8-8B4A-11D0-8D11-00A0C91BC942}") = "AudioTest", "Tests\AudioTest\AudioTest.vcxproj", "{159C4948-A157-4934-B45D-72670B4D5580}"
EndProject
Project("{8BC9CEB8-8B4A-11D0-8D11-00A0C91BC942}") = "GraphicTest", "Tests\GraphicTest\GraphicTest.vcxproj", "{494E4410-C4A5-4CED-BFD1-CDDC689B3C54}"
EndProject
Project("{8BC9CEB8-8B4A-11D0-8D11-00A0C91BC942}") = "GraphicTextTest", "Tests\GraphicTextTest\GraphicTextTest.vcxproj", "{2BF7E9D6-14A1-499F-8D54-43EDE13765F3}"
EndProject
Project("{8BC9CEB8-8B4A-11D0-8D11-00A0C91BC942}") = "GraphicTools", "Tools\GraphicTools\GraphicTools.vcxproj", "{FDA5D238-2B64-48F2-AEB4-50299FD0B05E}"
EndProject
Project("{8BC9CEB8-8B4A-11D0-8D11-00A0C91BC942}") = "NormalMapGen", "Tools\NormalMapGen\NormalMapGen.vcxproj", "{7C4EDFF8-A4FF-448E-98AC-AC53F6A9796C}"
EndProject
Project("{8BC9CEB8-8B4A-11D0-8D11-00A0C91BC942}") = "Core", "Core\Core.vcxproj", "{844B7AB6-F789-496C-86D2-FC71E8328F23}"
EndProject
Project("{8BC9CEB8-8B4A-11D0-8D11-00A0C91BC942}") = "Graphics", "Graphics\Graphics.vcxproj", "{6410D617-9EC1-4064-B6D6-F0A97F2C64B3}"
EndProject
Project("{8BC9CEB8-8B4A-11D0-8D11-00A0C91BC942}") = "GraphicSimpleTest", "Tests\GraphicSimpleTest\GraphicSimpleTest.vcxproj", "{57225991-6B82-4C8C-A22C-C2A6F600EC9F}"
EndProject
Global
	GlobalSection(SolutionConfigurationPlatforms) = preSolution
		Debug|Win32 = Debug|Win32
		Release|Win32 = Release|Win32
	EndGlobalSection
	GlobalSection(ProjectConfigurationPlatforms) = postSolution
		{4B10E54E-C8F7-4EF8-966A-34D0F8E7FE8A}.Debug|Win32.ActiveCfg = Debug|Win32
		{4B10E54E-C8F7-4EF8-966A-34D0F8E7FE8A}.Debug|Win32.Build.0 = Debug|Win32
		{4B10E54E-C8F7-4EF8-966A-34D0F8E7FE8A}.Release|Win32.ActiveCfg = Release|Win32
		{4B10E54E-C8F7-4EF8-966A-34D0F8E7FE8A}.Release|Win32.Build.0 = Release|Win32
		{2F024E01-905B-45E3-A15C-B41710A9B11A}.Debug|Win32.ActiveCfg = Debug|Win32
		{2F024E01-905B-45E3-A15C-B41710A9B11A}.Debug|Win32.Build.0 = Debug|Win32
		{2F024E01-905B-45E3-A15C-B41710A9B11A}.Release|Win32.ActiveCfg = Release|Win32
		{2F024E01-905B-45E3-A15C-B41710A9B11A}.Release|Win32.Build.0 = Release|Win32
		{F2A54212-82DE-48DF-B9A3-4BD4587AB4C0}.Debug|Win32.ActiveCfg = Debug|Win32
		{F2A54212-82DE-48DF-B9A3-4BD4587AB4C0}.Debug|Win32.Build.0 = Debug|Win32
		{F2A54212-82DE-48DF-B9A3-4BD4587AB4C0}.Release|Win32.ActiveCfg = Release|Win32
		{F2A54212-82DE-48DF-B9A3-4BD4587AB4C0}.Release|Win32.Build.0 = Release|Win32
		{83BA4012-E6CE-49E3-859C-18E290D31B4E}.Debug|Win32.ActiveCfg = Debug|Win32
		{83BA4012-E6CE-49E3-859C-18E290D31B4E}.Debug|Win32.Build.0 = Debug|Win32
		{83BA4012-E6CE-49E3-859C-18E290D31B4E}.Release|Win32.ActiveCfg = Release|Win32
		{83BA4012-E6CE-49E3-859C-18E290D31B4E}.Release|Win32.Build.0 = Release|Win32
		{1894C896-BB26-4993-B035-7885AF9F507E}.Debug|Win32.ActiveCfg = Debug|Win32
		{1894C896-BB26-4993-B035-7885AF9F507E}.Debug|Win32.Build.0 = Debug|Win32
		{1894C896-BB26-4993-B035-7885AF9F507E}.Release|Win32.ActiveCfg = Release|Win32
		{1894C896-BB26-4993-B035-7885AF9F507E}.Release|Win32.Build.0 = Release|Win32
		{909C3D3E-22DA-48E4-8CFE-D896379D5A12}.Debug|Win32.ActiveCfg = Debug|Win32
		{909C3D3E-22DA-48E4-8CFE-D896379D5A12}.Debug|Win32.Build.0 = Debug|Win32
		{909C3D3E-22DA-48E4-8CFE-D896379D5A12}.Release|Win32.ActiveCfg = Release|Win32
		{909C3D3E-22DA-48E4-8CFE-D896379D5A12}.Release|Win32.Build.0 = Release|Win32
		{0AF72086-0AB0-4BC0-8DAC-79C47812CB1B}.Debug|Win32.ActiveCfg = Debug|Win32
		{0AF72086-0AB0-4BC0-8DAC-79C47812CB1B}.Debug|Win32.Build.0 = Debug|Win32
		{0AF72086-0AB0-4BC0-8DAC-79C47812CB1B}.Release|Win32.ActiveCfg = Release|Win32
		{0AF72086-0AB0-4BC0-8DAC-79C47812CB1B}.Release|Win32.Build.0 = Release|Win32
		{EC070743-297F-4414-9E71-F107EBDB5057}.Debug|Win32.ActiveCfg = Debug|Win32
		{EC070743-297F-4414-9E71-F107EBDB5057}.Debug|Win32.Build.0 = Debug|Win32
		{EC070743-297F-4414-9E71-F107EBDB5057}.Release|Win32.ActiveCfg = Release|Win32
		{EC070743-297F-4414-9E71-F107EBDB5057}.Release|Win32.Build.0 = Release|Win32
		{159C4948-A157-4934-B45D-72670B4D5580}.Debug|Win32.ActiveCfg = Debug|Win32
		{159C4948-A157-4934-B45D-72670B4D5580}.Debug|Win32.Build.0 = Debug|Win32
		{159C4948-A157-4934-B45D-72670B4D5580}.Release|Win32.ActiveCfg = Release|Win32
		{159C4948-A157-4934-B45D-72670B4D5580}.Release|Win32.Build.0 = Release|Win32
		{494E4410-C4A5-4CED-BFD1-CDDC689B3C54}.Debug|Win32.ActiveCfg = Debug|Win32
		{494E4410-C4A5-4CED-BFD1-CDDC689B3C54}.Debug|Win32.Build.0 = Debug|Win32
		{494E4410-C4A5-4CED-BFD1-CDDC689B3C54}.Release|Win32.ActiveCfg = Release|Win32
		{494E4410-C4A5-4CED-BFD1-CDDC689B3C54}.Release|Win32.Build.0 = Release|Win32
		{2BF7E9D6-14A1-499F-8D54-43EDE13765F3}.Debug|Win32.ActiveCfg = Debug|Win32
		{2BF7E9D6-14A1-499F-8D54-43EDE13765F3}.Debug|Win32.Build.0 = Debug|Win32
		{2BF7E9D6-14A1-499F-8D54-43EDE13765F3}.Release|Win32.ActiveCfg = Release|Win32
		{2BF7E9D6-14A1-499F-8D54-43EDE13765F3}.Release|Win32.Build.0 = Release|Win32
		{FDA5D238-2B64-48F2-AEB4-50299FD0B05E}.Debug|Win32.ActiveCfg = Debug|Win32
		{FDA5D238-2B64-48F2-AEB4-50299FD0B05E}.Debug|Win32.Build.0 = Debug|Win32
		{FDA5D238-2B64-48F2-AEB4-50299FD0B05E}.Release|Win32.ActiveCfg = Release|Win32
		{FDA5D238-2B64-48F2-AEB4-50299FD0B05E}.Release|Win32.Build.0 = Release|Win32
		{7C4EDFF8-A4FF-448E-98AC-AC53F6A9796C}.Debug|Win32.ActiveCfg = Debug|Win32
		{7C4EDFF8-A4FF-448E-98AC-AC53F6A9796C}.Debug|Win32.Build.0 = Debug|Win32
		{7C4EDFF8-A4FF-448E-98AC-AC53F6A9796C}.Release|Win32.ActiveCfg = Release|Win32
		{7C4EDFF8-A4FF-448E-98AC-AC53F6A9796C}.Release|Win32.Build.0 = Release|Win32
		{844B7AB6-F789-496C-86D2-FC71E8328F23}.Debug|Win32.ActiveCfg = Debug|Win32
		{844B7AB6-F789-496C-86D2-FC71E8328F23}.Debug|Win32.Build.0 = Debug|Win32
		{844B7AB6-F789-496C-86D2-FC71E8328F23}.Release|Win32.ActiveCfg = Release|Win32
		{844B7AB6-F789-496C-86D2-FC71E8328F23}.Release|Win32.Build.0 = Release|Win32
		{6410D617-9EC1-4064-B6D6-F0A97F2C64B3}.Debug|Win32.ActiveCfg = Debug|Win32
		{6410D617-9EC1-4064-B6D6-F0A97F2C64B3}.Debug|Win32.Build.0 = Debug|Win32
		{6410D617-9EC1-4064-B6D6-F0A97F2C64B3}.Release|Win32.ActiveCfg = Release|Win32
		{6410D617-9EC1-4064-B6D6-F0A97F2C64B3}.Release|Win32.Build.0 = Release|Win32
		{57225991-6B82-4C8C-A22C-C2A6F600EC9F}.Debug|Win32.ActiveCfg = Debug|Win32
		{57225991-6B82-4C8C-A22C-C2A6F600EC9F}.Debug|Win32.Build.0 = Debug|Win32
		{57225991-6B82-4C8C-A22C-C2A6F600EC9F}.Release|Win32.ActiveCfg = Release|Win32
		{57225991-6B82-4C8C-A22C-C2A6F600EC9F}.Release|Win32.Build.0 = Release|Win32
	EndGlobalSection
	GlobalSection(SolutionProperties) = preSolution
		HideSolutionNode = FALSE
	EndGlobalSection
	GlobalSection(NestedProjects) = preSolution
		{BCEF9623-2586-4168-829F-5F36E7F8B3AB} = {8D41D185-7FEC-4425-9B16-783EDC90778F}
		{7F7AAEF4-D6BE-4B2E-B235-361905598FC7} = {8D41D185-7FEC-4425-9B16-783EDC90778F}
		{EB377A7C-7649-4238-B5EB-8563118790D6} = {8D41D185-7FEC-4425-9B16-783EDC90778F}
		{4B10E54E-C8F7-4EF8-966A-34D0F8E7FE8A} = {BCEF9623-2586-4168-829F-5F36E7F8B3AB}
		{2F024E01-905B-45E3-A15C-B41710A9B11A} = {7F7AAEF4-D6BE-4B2E-B235-361905598FC7}
		{F2A54212-82DE-48DF-B9A3-4BD4587AB4C0} = {EB377A7C-7649-4238-B5EB-8563118790D6}
		{83BA4012-E6CE-49E3-859C-18E290D31B4E} = {EB377A7C-7649-4238-B5EB-8563118790D6}
		{1894C896-BB26-4993-B035-7885AF9F507E} = {254CA135-D2F4-4166-BEFB-97ACD78B5439}
		{909C3D3E-22DA-48E4-8CFE-D896379D5A12} = {254CA135-D2F4-4166-BEFB-97ACD78B5439}
		{EC070743-297F-4414-9E71-F107EBDB5057} = {254CA135-D2F4-4166-BEFB-97ACD78B5439}
		{0AF72086-0AB0-4BC0-8DAC-79C47812CB1B} = {3F40C517-844B-41B2-AD42-D53E269CA15D}
		{159C4948-A157-4934-B45D-72670B4D5580} = {3F40C517-844B-41B2-AD42-D53E269CA15D}
		{494E4410-C4A5-4CED-BFD1-CDDC689B3C54} = {3F40C517-844B-41B2-AD42-D53E269CA15D}
		{2BF7E9D6-14A1-499F-8D54-43EDE13765F3} = {3F40C517-844B-41B2-AD42-D53E269CA15D}
		{57225991-6B82-4C8C-A22C-C2A6F600EC9F} = {3F40C517-844B-41B2-AD42-D53E269CA15D}
		{FDA5D238-2B64-48F2-AEB4-50299FD0B05E} = {2A476865-3B12-4EE9-A3D3-CDE3E557C3F2}
		{7C4EDFF8-A4FF-448E-98AC-AC53F6A9796C} = {2A476865-3B12-4EE9-A3D3-CDE3E557C3F2}
	EndGlobalSection
EndGlobal
