
Microsoft Visual Studio Solution File, Format Version 12.00
# Visual Studio 2012
Project("{8BC9CEB8-8B4A-11D0-8D11-00A0C91BC942}") = "Common", "Common\Common.vcxproj", "{844B7AB6-F789-496C-86D2-FC71E8328F23}"
EndProject
Project("{2150E333-8FDC-42A3-9474-1A3956D46DE8}") = "Drivers", "Drivers", "{8D41D185-7FEC-4425-9B16-783EDC90778F}"
EndProject
Project("{2150E333-8FDC-42A3-9474-1A3956D46DE8}") = "Window", "Window", "{BCEF9623-2586-4168-829F-5F36E7F8B3AB}"
EndProject
Project("{8BC9CEB8-8B4A-11D0-8D11-00A0C91BC942}") = "WindowDrvInterface", "Drivers\Window\WindowDrvInterface\WindowDrvInterface.vcxproj", "{EC070743-297F-4414-9E71-F107EBDB5057}"
EndProject
Project("{8BC9CEB8-8B4A-11D0-8D11-00A0C91BC942}") = "MSWindowDriver", "Drivers\Window\MSWindowDriver\MSWindowDriver.vcxproj", "{4B10E54E-C8F7-4EF8-966A-34D0F8E7FE8A}"
EndProject
Project("{2150E333-8FDC-42A3-9474-1A3956D46DE8}") = "Graphic", "Graphic", "{7F7AAEF4-D6BE-4B2E-B235-361905598FC7}"
EndProject
Project("{8BC9CEB8-8B4A-11D0-8D11-00A0C91BC942}") = "GraphicDrvInterface", "Drivers\Graphic\GraphicDrvInterface\GraphicDrvInterface.vcxproj", "{1894C896-BB26-4993-B035-7885AF9F507E}"
EndProject
Project("{8BC9CEB8-8B4A-11D0-8D11-00A0C91BC942}") = "OGLGraphicDriver", "Drivers\Graphic\OGLGraphicDriver\OGLGraphicDriver.vcxproj", "{2F024E01-905B-45E3-A15C-B41710A9B11A}"
EndProject
Project("{8BC9CEB8-8B4A-11D0-8D11-00A0C91BC942}") = "UnitTest", "UnitTest\UnitTest.vcxproj", "{0AF72086-0AB0-4BC0-8DAC-79C47812CB1B}"
EndProject
Project("{2150E333-8FDC-42A3-9474-1A3956D46DE8}") = "Audio", "Audio", "{EB377A7C-7649-4238-B5EB-8563118790D6}"
EndProject
Project("{8BC9CEB8-8B4A-11D0-8D11-00A0C91BC942}") = "AudioDrvInterface", "Drivers\Audio\AudioDrvInterface\AudioDrvInterface.vcxproj", "{909C3D3E-22DA-48E4-8CFE-D896379D5A12}"
EndProject
Project("{8BC9CEB8-8B4A-11D0-8D11-00A0C91BC942}") = "OALAudioDriver", "Drivers\Audio\OALAudioDriver\OALAudioDriver.vcxproj", "{F2A54212-82DE-48DF-B9A3-4BD4587AB4C0}"
EndProject
Global
	GlobalSection(SolutionConfigurationPlatforms) = preSolution
		Debug|Win32 = Debug|Win32
		Release|Win32 = Release|Win32
	EndGlobalSection
	GlobalSection(ProjectConfigurationPlatforms) = postSolution
		{844B7AB6-F789-496C-86D2-FC71E8328F23}.Debug|Win32.ActiveCfg = Debug|Win32
		{844B7AB6-F789-496C-86D2-FC71E8328F23}.Debug|Win32.Build.0 = Debug|Win32
		{844B7AB6-F789-496C-86D2-FC71E8328F23}.Release|Win32.ActiveCfg = Release|Win32
		{844B7AB6-F789-496C-86D2-FC71E8328F23}.Release|Win32.Build.0 = Release|Win32
		{EC070743-297F-4414-9E71-F107EBDB5057}.Debug|Win32.ActiveCfg = Debug|Win32
		{EC070743-297F-4414-9E71-F107EBDB5057}.Debug|Win32.Build.0 = Debug|Win32
		{EC070743-297F-4414-9E71-F107EBDB5057}.Release|Win32.ActiveCfg = Release|Win32
		{EC070743-297F-4414-9E71-F107EBDB5057}.Release|Win32.Build.0 = Release|Win32
		{4B10E54E-C8F7-4EF8-966A-34D0F8E7FE8A}.Debug|Win32.ActiveCfg = Debug|Win32
		{4B10E54E-C8F7-4EF8-966A-34D0F8E7FE8A}.Debug|Win32.Build.0 = Debug|Win32
		{4B10E54E-C8F7-4EF8-966A-34D0F8E7FE8A}.Release|Win32.ActiveCfg = Release|Win32
		{4B10E54E-C8F7-4EF8-966A-34D0F8E7FE8A}.Release|Win32.Build.0 = Release|Win32
		{1894C896-BB26-4993-B035-7885AF9F507E}.Debug|Win32.ActiveCfg = Debug|Win32
		{1894C896-BB26-4993-B035-7885AF9F507E}.Debug|Win32.Build.0 = Debug|Win32
		{1894C896-BB26-4993-B035-7885AF9F507E}.Release|Win32.ActiveCfg = Release|Win32
		{1894C896-BB26-4993-B035-7885AF9F507E}.Release|Win32.Build.0 = Release|Win32
		{2F024E01-905B-45E3-A15C-B41710A9B11A}.Debug|Win32.ActiveCfg = Debug|Win32
		{2F024E01-905B-45E3-A15C-B41710A9B11A}.Debug|Win32.Build.0 = Debug|Win32
		{2F024E01-905B-45E3-A15C-B41710A9B11A}.Release|Win32.ActiveCfg = Release|Win32
		{2F024E01-905B-45E3-A15C-B41710A9B11A}.Release|Win32.Build.0 = Release|Win32
		{0AF72086-0AB0-4BC0-8DAC-79C47812CB1B}.Debug|Win32.ActiveCfg = Debug|Win32
		{0AF72086-0AB0-4BC0-8DAC-79C47812CB1B}.Debug|Win32.Build.0 = Debug|Win32
		{0AF72086-0AB0-4BC0-8DAC-79C47812CB1B}.Release|Win32.ActiveCfg = Release|Win32
		{0AF72086-0AB0-4BC0-8DAC-79C47812CB1B}.Release|Win32.Build.0 = Release|Win32
		{909C3D3E-22DA-48E4-8CFE-D896379D5A12}.Debug|Win32.ActiveCfg = Debug|Win32
		{909C3D3E-22DA-48E4-8CFE-D896379D5A12}.Debug|Win32.Build.0 = Debug|Win32
		{909C3D3E-22DA-48E4-8CFE-D896379D5A12}.Release|Win32.ActiveCfg = Release|Win32
		{909C3D3E-22DA-48E4-8CFE-D896379D5A12}.Release|Win32.Build.0 = Release|Win32
		{F2A54212-82DE-48DF-B9A3-4BD4587AB4C0}.Debug|Win32.ActiveCfg = Debug|Win32
		{F2A54212-82DE-48DF-B9A3-4BD4587AB4C0}.Debug|Win32.Build.0 = Debug|Win32
		{F2A54212-82DE-48DF-B9A3-4BD4587AB4C0}.Release|Win32.ActiveCfg = Release|Win32
		{F2A54212-82DE-48DF-B9A3-4BD4587AB4C0}.Release|Win32.Build.0 = Release|Win32
	EndGlobalSection
	GlobalSection(SolutionProperties) = preSolution
		HideSolutionNode = FALSE
	EndGlobalSection
	GlobalSection(NestedProjects) = preSolution
		{BCEF9623-2586-4168-829F-5F36E7F8B3AB} = {8D41D185-7FEC-4425-9B16-783EDC90778F}
		{7F7AAEF4-D6BE-4B2E-B235-361905598FC7} = {8D41D185-7FEC-4425-9B16-783EDC90778F}
		{EB377A7C-7649-4238-B5EB-8563118790D6} = {8D41D185-7FEC-4425-9B16-783EDC90778F}
		{EC070743-297F-4414-9E71-F107EBDB5057} = {BCEF9623-2586-4168-829F-5F36E7F8B3AB}
		{4B10E54E-C8F7-4EF8-966A-34D0F8E7FE8A} = {BCEF9623-2586-4168-829F-5F36E7F8B3AB}
		{1894C896-BB26-4993-B035-7885AF9F507E} = {7F7AAEF4-D6BE-4B2E-B235-361905598FC7}
		{2F024E01-905B-45E3-A15C-B41710A9B11A} = {7F7AAEF4-D6BE-4B2E-B235-361905598FC7}
		{909C3D3E-22DA-48E4-8CFE-D896379D5A12} = {EB377A7C-7649-4238-B5EB-8563118790D6}
		{F2A54212-82DE-48DF-B9A3-4BD4587AB4C0} = {EB377A7C-7649-4238-B5EB-8563118790D6}
	EndGlobalSection
EndGlobal
