<?xml version="1.0" encoding="utf-8"?>
<Project ToolsVersion="4.0" xmlns="http://schemas.microsoft.com/developer/msbuild/2003">
  <ItemGroup>
    <Filter Include="Include">
      <UniqueIdentifier>{93995380-89BD-4b04-88EB-625FBE52EBFB}</UniqueIdentifier>
      <Extensions>h;hpp;hxx;hm;inl;inc;xsd</Extensions>
    </Filter>
    <Filter Include="Source">
      <UniqueIdentifier>{4FC737F1-C7A5-4376-A066-2A32D752A2FF}</UniqueIdentifier>
      <Extensions>cpp;c;cc;cxx;def;odl;idl;hpj;bat;asm;asmx</Extensions>
    </Filter>
    <Filter Include="Internal">
      <UniqueIdentifier>{00a1d679-fecf-42e1-8db1-684d9109c550}</UniqueIdentifier>
    </Filter>
  </ItemGroup>
  <ItemGroup>
    <ClInclude Include="Include\OALAudioDriver.h">
      <Filter>Include</Filter>
    </ClInclude>
    <ClInclude Include="Internal\WinPlatform.h">
      <Filter>Internal</Filter>
    </ClInclude>
    <ClInclude Include="Include\Macros.h">
      <Filter>Include</Filter>
    </ClInclude>
    <ClInclude Include="Internal\Manager.h">
      <Filter>Internal</Filter>
    </ClInclude>
    <ClInclude Include="Internal\Adapter.h">
      <Filter>Internal</Filter>
    </ClInclude>
    <ClInclude Include="Internal\Device.h">
      <Filter>Internal</Filter>
    </ClInclude>
    <ClInclude Include="Internal\Source.h">
      <Filter>Internal</Filter>
    </ClInclude>
  </ItemGroup>
  <ItemGroup>
    <ClCompile Include="Source\dllmain.cpp">
      <Filter>Source</Filter>
    </ClCompile>
    <ClCompile Include="Source\OALAudioDriver.cpp">
      <Filter>Source</Filter>
    </ClCompile>
    <ClCompile Include="Source\Manager.cpp">
      <Filter>Source</Filter>
    </ClCompile>
    <ClCompile Include="Source\Adapter.cpp">
      <Filter>Source</Filter>
    </ClCompile>
    <ClCompile Include="Source\Device.cpp">
      <Filter>Source</Filter>
    </ClCompile>
    <ClCompile Include="Source\Source.cpp">
      <Filter>Source</Filter>
    </ClCompile>
  </ItemGroup>
</Project>